// !$*UTF8*$!
{
	archiveVersion = 1;
	classes = {
	};
	objectVersion = 51;
	objects = {

/* Begin PBXBuildFile section */
		47568A62257398A800084894 /* RegisterStructModel.swift in Sources */ = {isa = PBXBuildFile; fileRef = 47568A61257398A800084894 /* RegisterStructModel.swift */; };
		47568A6C2574852000084894 /* LoginStructModel.swift in Sources */ = {isa = PBXBuildFile; fileRef = 47568A6B2574851F00084894 /* LoginStructModel.swift */; };
		47568A702574AD0B00084894 /* ImageApi.swift in Sources */ = {isa = PBXBuildFile; fileRef = 47568A6F2574AD0B00084894 /* ImageApi.swift */; };
		47568A732574C24100084894 /* image1.png in Resources */ = {isa = PBXBuildFile; fileRef = 47568A722574C24100084894 /* image1.png */; };
		47C6A14D257098E00002C5E8 /* AppDelegate.swift in Sources */ = {isa = PBXBuildFile; fileRef = 47C6A14C257098E00002C5E8 /* AppDelegate.swift */; };
		47C6A14F257098E00002C5E8 /* SceneDelegate.swift in Sources */ = {isa = PBXBuildFile; fileRef = 47C6A14E257098E00002C5E8 /* SceneDelegate.swift */; };
		47C6A151257098E00002C5E8 /* ViewController.swift in Sources */ = {isa = PBXBuildFile; fileRef = 47C6A150257098E00002C5E8 /* ViewController.swift */; };
		47C6A154257098E00002C5E8 /* Main.storyboard in Resources */ = {isa = PBXBuildFile; fileRef = 47C6A152257098E00002C5E8 /* Main.storyboard */; };
		47C6A156257098E20002C5E8 /* Assets.xcassets in Resources */ = {isa = PBXBuildFile; fileRef = 47C6A155257098E20002C5E8 /* Assets.xcassets */; };
		47C6A159257098E20002C5E8 /* LaunchScreen.storyboard in Resources */ = {isa = PBXBuildFile; fileRef = 47C6A157257098E20002C5E8 /* LaunchScreen.storyboard */; };
		47C6A1692570A4250002C5E8 /* UserStructModel.swift in Sources */ = {isa = PBXBuildFile; fileRef = 47C6A1682570A4250002C5E8 /* UserStructModel.swift */; };
		47C6A16C2570A6F20002C5E8 /* MyServiceApi.swift in Sources */ = {isa = PBXBuildFile; fileRef = 47C6A16B2570A6F20002C5E8 /* MyServiceApi.swift */; };
		47C6A1762570B99A0002C5E8 /* Decodable+Etx.swift in Sources */ = {isa = PBXBuildFile; fileRef = 47C6A1752570B99A0002C5E8 /* Decodable+Etx.swift */; };
		47DDB8812572B656002D8BE2 /* CodableResponses.swift in Sources */ = {isa = PBXBuildFile; fileRef = 47DDB8802572B656002D8BE2 /* CodableResponses.swift */; };
		901AA552150307D093D2C69C /* Pods_SimpleApi_Moya.framework in Frameworks */ = {isa = PBXBuildFile; fileRef = D16D34F801DBA7B760C351A7 /* Pods_SimpleApi_Moya.framework */; };
/* End PBXBuildFile section */

/* Begin PBXFileReference section */
		47568A61257398A800084894 /* RegisterStructModel.swift */ = {isa = PBXFileReference; lastKnownFileType = sourcecode.swift; path = RegisterStructModel.swift; sourceTree = "<group>"; };
		47568A6B2574851F00084894 /* LoginStructModel.swift */ = {isa = PBXFileReference; lastKnownFileType = sourcecode.swift; path = LoginStructModel.swift; sourceTree = "<group>"; };
		47568A6F2574AD0B00084894 /* ImageApi.swift */ = {isa = PBXFileReference; lastKnownFileType = sourcecode.swift; path = ImageApi.swift; sourceTree = "<group>"; };
		47568A722574C24100084894 /* image1.png */ = {isa = PBXFileReference; lastKnownFileType = image.png; path = image1.png; sourceTree = "<group>"; };
		47C6A149257098E00002C5E8 /* SimpleApi-Moya.app */ = {isa = PBXFileReference; explicitFileType = wrapper.application; includeInIndex = 0; path = "SimpleApi-Moya.app"; sourceTree = BUILT_PRODUCTS_DIR; };
		47C6A14C257098E00002C5E8 /* AppDelegate.swift */ = {isa = PBXFileReference; lastKnownFileType = sourcecode.swift; path = AppDelegate.swift; sourceTree = "<group>"; };
		47C6A14E257098E00002C5E8 /* SceneDelegate.swift */ = {isa = PBXFileReference; lastKnownFileType = sourcecode.swift; path = SceneDelegate.swift; sourceTree = "<group>"; };
		47C6A150257098E00002C5E8 /* ViewController.swift */ = {isa = PBXFileReference; lastKnownFileType = sourcecode.swift; path = ViewController.swift; sourceTree = "<group>"; };
		47C6A153257098E00002C5E8 /* Base */ = {isa = PBXFileReference; lastKnownFileType = file.storyboard; name = Base; path = Base.lproj/Main.storyboard; sourceTree = "<group>"; };
		47C6A155257098E20002C5E8 /* Assets.xcassets */ = {isa = PBXFileReference; lastKnownFileType = folder.assetcatalog; path = Assets.xcassets; sourceTree = "<group>"; };
		47C6A158257098E20002C5E8 /* Base */ = {isa = PBXFileReference; lastKnownFileType = file.storyboard; name = Base; path = Base.lproj/LaunchScreen.storyboard; sourceTree = "<group>"; };
		47C6A15A257098E20002C5E8 /* Info.plist */ = {isa = PBXFileReference; lastKnownFileType = text.plist.xml; path = Info.plist; sourceTree = "<group>"; };
		47C6A1682570A4250002C5E8 /* UserStructModel.swift */ = {isa = PBXFileReference; lastKnownFileType = sourcecode.swift; path = UserStructModel.swift; sourceTree = "<group>"; };
		47C6A16B2570A6F20002C5E8 /* MyServiceApi.swift */ = {isa = PBXFileReference; lastKnownFileType = sourcecode.swift; path = MyServiceApi.swift; sourceTree = "<group>"; };
		47C6A1752570B99A0002C5E8 /* Decodable+Etx.swift */ = {isa = PBXFileReference; lastKnownFileType = sourcecode.swift; path = "Decodable+Etx.swift"; sourceTree = "<group>"; };
		47DDB8802572B656002D8BE2 /* CodableResponses.swift */ = {isa = PBXFileReference; fileEncoding = 4; lastKnownFileType = sourcecode.swift; path = CodableResponses.swift; sourceTree = "<group>"; };
		C21024F276A85671EBE1D51D /* Pods-SimpleApi-Moya.debug.xcconfig */ = {isa = PBXFileReference; includeInIndex = 1; lastKnownFileType = text.xcconfig; name = "Pods-SimpleApi-Moya.debug.xcconfig"; path = "Target Support Files/Pods-SimpleApi-Moya/Pods-SimpleApi-Moya.debug.xcconfig"; sourceTree = "<group>"; };
		CE3AF7E6DA8445BD2500CBBE /* Pods-SimpleApi-Moya.release.xcconfig */ = {isa = PBXFileReference; includeInIndex = 1; lastKnownFileType = text.xcconfig; name = "Pods-SimpleApi-Moya.release.xcconfig"; path = "Target Support Files/Pods-SimpleApi-Moya/Pods-SimpleApi-Moya.release.xcconfig"; sourceTree = "<group>"; };
		D16D34F801DBA7B760C351A7 /* Pods_SimpleApi_Moya.framework */ = {isa = PBXFileReference; explicitFileType = wrapper.framework; includeInIndex = 0; path = Pods_SimpleApi_Moya.framework; sourceTree = BUILT_PRODUCTS_DIR; };
/* End PBXFileReference section */

/* Begin PBXFrameworksBuildPhase section */
		47C6A146257098E00002C5E8 /* Frameworks */ = {
			isa = PBXFrameworksBuildPhase;
			buildActionMask = 2147483647;
			files = (
				901AA552150307D093D2C69C /* Pods_SimpleApi_Moya.framework in Frameworks */,
			);
			runOnlyForDeploymentPostprocessing = 0;
		};
/* End PBXFrameworksBuildPhase section */

/* Begin PBXGroup section */
		47C6A140257098E00002C5E8 = {
			isa = PBXGroup;
			children = (
				47C6A14B257098E00002C5E8 /* SimpleApi-Moya */,
				47C6A14A257098E00002C5E8 /* Products */,
				DB401F992A5DFC4E473C1C2E /* Pods */,
				EB25D763AF6E8D898A4FC1FE /* Frameworks */,
			);
			sourceTree = "<group>";
		};
		47C6A14A257098E00002C5E8 /* Products */ = {
			isa = PBXGroup;
			children = (
				47C6A149257098E00002C5E8 /* SimpleApi-Moya.app */,
			);
			name = Products;
			sourceTree = "<group>";
		};
		47C6A14B257098E00002C5E8 /* SimpleApi-Moya */ = {
			isa = PBXGroup;
			children = (
				47568A722574C24100084894 /* image1.png */,
				47C6A1622570990C0002C5E8 /* Networking */,
				47C6A161257098F60002C5E8 /* Models */,
				47C6A150257098E00002C5E8 /* ViewController.swift */,
				47C6A152257098E00002C5E8 /* Main.storyboard */,
				47C6A14C257098E00002C5E8 /* AppDelegate.swift */,
				47C6A14E257098E00002C5E8 /* SceneDelegate.swift */,
				47C6A155257098E20002C5E8 /* Assets.xcassets */,
				47C6A157257098E20002C5E8 /* LaunchScreen.storyboard */,
				47C6A15A257098E20002C5E8 /* Info.plist */,
			);
			path = "SimpleApi-Moya";
			sourceTree = "<group>";
		};
		47C6A161257098F60002C5E8 /* Models */ = {
			isa = PBXGroup;
			children = (
				47568A6B2574851F00084894 /* LoginStructModel.swift */,
				47568A61257398A800084894 /* RegisterStructModel.swift */,
				47C6A1682570A4250002C5E8 /* UserStructModel.swift */,
				47C6A1752570B99A0002C5E8 /* Decodable+Etx.swift */,
			);
			path = Models;
			sourceTree = "<group>";
		};
		47C6A1622570990C0002C5E8 /* Networking */ = {
			isa = PBXGroup;
			children = (
				47568A6F2574AD0B00084894 /* ImageApi.swift */,
				47C6A16B2570A6F20002C5E8 /* MyServiceApi.swift */,
				47DDB8802572B656002D8BE2 /* CodableResponses.swift */,
			);
			path = Networking;
			sourceTree = "<group>";
		};
		DB401F992A5DFC4E473C1C2E /* Pods */ = {
			isa = PBXGroup;
			children = (
				C21024F276A85671EBE1D51D /* Pods-SimpleApi-Moya.debug.xcconfig */,
				CE3AF7E6DA8445BD2500CBBE /* Pods-SimpleApi-Moya.release.xcconfig */,
			);
			path = Pods;
			sourceTree = "<group>";
		};
		EB25D763AF6E8D898A4FC1FE /* Frameworks */ = {
			isa = PBXGroup;
			children = (
				D16D34F801DBA7B760C351A7 /* Pods_SimpleApi_Moya.framework */,
			);
			name = Frameworks;
			sourceTree = "<group>";
		};
/* End PBXGroup section */

/* Begin PBXNativeTarget section */
		47C6A148257098E00002C5E8 /* SimpleApi-Moya */ = {
			isa = PBXNativeTarget;
			buildConfigurationList = 47C6A15D257098E20002C5E8 /* Build configuration list for PBXNativeTarget "SimpleApi-Moya" */;
			buildPhases = (
				15ED016F442CF4BDD8E91C82 /* [CP] Check Pods Manifest.lock */,
				47C6A145257098E00002C5E8 /* Sources */,
				47C6A146257098E00002C5E8 /* Frameworks */,
				47C6A147257098E00002C5E8 /* Resources */,
				D1729B6F6A0DEF8409D889EB /* [CP] Embed Pods Frameworks */,
			);
			buildRules = (
			);
			dependencies = (
			);
			name = "SimpleApi-Moya";
			productName = "SimpleApi-Moya";
			productReference = 47C6A149257098E00002C5E8 /* SimpleApi-Moya.app */;
			productType = "com.apple.product-type.application";
		};
/* End PBXNativeTarget section */

/* Begin PBXProject section */
		47C6A141257098E00002C5E8 /* Project object */ = {
			isa = PBXProject;
			attributes = {
				LastSwiftUpdateCheck = 1220;
				LastUpgradeCheck = 1220;
				TargetAttributes = {
					47C6A148257098E00002C5E8 = {
						CreatedOnToolsVersion = 12.2;
					};
				};
			};
			buildConfigurationList = 47C6A144257098E00002C5E8 /* Build configuration list for PBXProject "SimpleApi-Moya" */;
			compatibilityVersion = "Xcode 9.3";
			developmentRegion = en;
			hasScannedForEncodings = 0;
			knownRegions = (
				en,
				Base,
			);
			mainGroup = 47C6A140257098E00002C5E8;
			productRefGroup = 47C6A14A257098E00002C5E8 /* Products */;
			projectDirPath = "";
			projectRoot = "";
			targets = (
				47C6A148257098E00002C5E8 /* SimpleApi-Moya */,
			);
		};
/* End PBXProject section */

/* Begin PBXResourcesBuildPhase section */
		47C6A147257098E00002C5E8 /* Resources */ = {
			isa = PBXResourcesBuildPhase;
			buildActionMask = 2147483647;
			files = (
				47C6A159257098E20002C5E8 /* LaunchScreen.storyboard in Resources */,
				47568A732574C24100084894 /* image1.png in Resources */,
				47C6A156257098E20002C5E8 /* Assets.xcassets in Resources */,
				47C6A154257098E00002C5E8 /* Main.storyboard in Resources */,
			);
			runOnlyForDeploymentPostprocessing = 0;
		};
/* End PBXResourcesBuildPhase section */

/* Begin PBXShellScriptBuildPhase section */
		15ED016F442CF4BDD8E91C82 /* [CP] Check Pods Manifest.lock */ = {
			isa = PBXShellScriptBuildPhase;
			buildActionMask = 2147483647;
			files = (
			);
			inputFileListPaths = (
			);
			inputPaths = (
				"${PODS_PODFILE_DIR_PATH}/Podfile.lock",
				"${PODS_ROOT}/Manifest.lock",
			);
			name = "[CP] Check Pods Manifest.lock";
			outputFileListPaths = (
			);
			outputPaths = (
				"$(DERIVED_FILE_DIR)/Pods-SimpleApi-Moya-checkManifestLockResult.txt",
			);
			runOnlyForDeploymentPostprocessing = 0;
			shellPath = /bin/sh;
			shellScript = "diff \"${PODS_PODFILE_DIR_PATH}/Podfile.lock\" \"${PODS_ROOT}/Manifest.lock\" > /dev/null\nif [ $? != 0 ] ; then\n    # print error to STDERR\n    echo \"error: The sandbox is not in sync with the Podfile.lock. Run 'pod install' or update your CocoaPods installation.\" >&2\n    exit 1\nfi\n# This output is used by Xcode 'outputs' to avoid re-running this script phase.\necho \"SUCCESS\" > \"${SCRIPT_OUTPUT_FILE_0}\"\n";
			showEnvVarsInLog = 0;
		};
		D1729B6F6A0DEF8409D889EB /* [CP] Embed Pods Frameworks */ = {
			isa = PBXShellScriptBuildPhase;
			buildActionMask = 2147483647;
			files = (
			);
			inputFileListPaths = (
				"${PODS_ROOT}/Target Support Files/Pods-SimpleApi-Moya/Pods-SimpleApi-Moya-frameworks-${CONFIGURATION}-input-files.xcfilelist",
			);
			name = "[CP] Embed Pods Frameworks";
			outputFileListPaths = (
				"${PODS_ROOT}/Target Support Files/Pods-SimpleApi-Moya/Pods-SimpleApi-Moya-frameworks-${CONFIGURATION}-output-files.xcfilelist",
			);
			runOnlyForDeploymentPostprocessing = 0;
			shellPath = /bin/sh;
			shellScript = "\"${PODS_ROOT}/Target Support Files/Pods-SimpleApi-Moya/Pods-SimpleApi-Moya-frameworks.sh\"\n";
			showEnvVarsInLog = 0;
		};
/* End PBXShellScriptBuildPhase section */

/* Begin PBXSourcesBuildPhase section */
		47C6A145257098E00002C5E8 /* Sources */ = {
			isa = PBXSourcesBuildPhase;
			buildActionMask = 2147483647;
			files = (
				47C6A151257098E00002C5E8 /* ViewController.swift in Sources */,
				47C6A16C2570A6F20002C5E8 /* MyServiceApi.swift in Sources */,
				47C6A1762570B99A0002C5E8 /* Decodable+Etx.swift in Sources */,
				47C6A1692570A4250002C5E8 /* UserStructModel.swift in Sources */,
				47568A6C2574852000084894 /* LoginStructModel.swift in Sources */,
				47DDB8812572B656002D8BE2 /* CodableResponses.swift in Sources */,
				47568A702574AD0B00084894 /* ImageApi.swift in Sources */,
				47C6A14D257098E00002C5E8 /* AppDelegate.swift in Sources */,
				47C6A14F257098E00002C5E8 /* SceneDelegate.swift in Sources */,
				47568A62257398A800084894 /* RegisterStructModel.swift in Sources */,
			);
			runOnlyForDeploymentPostprocessing = 0;
		};
/* End PBXSourcesBuildPhase section */

/* Begin PBXVariantGroup section */
		47C6A152257098E00002C5E8 /* Main.storyboard */ = {
			isa = PBXVariantGroup;
			children = (
				47C6A153257098E00002C5E8 /* Base */,
			);
			name = Main.storyboard;
			sourceTree = "<group>";
		};
		47C6A157257098E20002C5E8 /* LaunchScreen.storyboard */ = {
			isa = PBXVariantGroup;
			children = (
				47C6A158257098E20002C5E8 /* Base */,
			);
			name = LaunchScreen.storyboard;
			sourceTree = "<group>";
		};
/* End PBXVariantGroup section */

/* Begin XCBuildConfiguration section */
		47C6A15B257098E20002C5E8 /* Debug */ = {
			isa = XCBuildConfiguration;
			buildSettings = {
				ALWAYS_SEARCH_USER_PATHS = NO;
				CLANG_ANALYZER_NONNULL = YES;
				CLANG_ANALYZER_NUMBER_OBJECT_CONVERSION = YES_AGGRESSIVE;
				CLANG_CXX_LANGUAGE_STANDARD = "gnu++14";
				CLANG_CXX_LIBRARY = "libc++";
				CLANG_ENABLE_MODULES = YES;
				CLANG_ENABLE_OBJC_ARC = YES;
				CLANG_ENABLE_OBJC_WEAK = YES;
				CLANG_WARN_BLOCK_CAPTURE_AUTORELEASING = YES;
				CLANG_WARN_BOOL_CONVERSION = YES;
				CLANG_WARN_COMMA = YES;
				CLANG_WARN_CONSTANT_CONVERSION = YES;
				CLANG_WARN_DEPRECATED_OBJC_IMPLEMENTATIONS = YES;
				CLANG_WARN_DIRECT_OBJC_ISA_USAGE = YES_ERROR;
				CLANG_WARN_DOCUMENTATION_COMMENTS = YES;
				CLANG_WARN_EMPTY_BODY = YES;
				CLANG_WARN_ENUM_CONVERSION = YES;
				CLANG_WARN_INFINITE_RECURSION = YES;
				CLANG_WARN_INT_CONVERSION = YES;
				CLANG_WARN_NON_LITERAL_NULL_CONVERSION = YES;
				CLANG_WARN_OBJC_IMPLICIT_RETAIN_SELF = YES;
				CLANG_WARN_OBJC_LITERAL_CONVERSION = YES;
				CLANG_WARN_OBJC_ROOT_CLASS = YES_ERROR;
				CLANG_WARN_QUOTED_INCLUDE_IN_FRAMEWORK_HEADER = YES;
				CLANG_WARN_RANGE_LOOP_ANALYSIS = YES;
				CLANG_WARN_STRICT_PROTOTYPES = YES;
				CLANG_WARN_SUSPICIOUS_MOVE = YES;
				CLANG_WARN_UNGUARDED_AVAILABILITY = YES_AGGRESSIVE;
				CLANG_WARN_UNREACHABLE_CODE = YES;
				CLANG_WARN__DUPLICATE_METHOD_MATCH = YES;
				COPY_PHASE_STRIP = NO;
				DEBUG_INFORMATION_FORMAT = dwarf;
				ENABLE_STRICT_OBJC_MSGSEND = YES;
				ENABLE_TESTABILITY = YES;
				GCC_C_LANGUAGE_STANDARD = gnu11;
				GCC_DYNAMIC_NO_PIC = NO;
				GCC_NO_COMMON_BLOCKS = YES;
				GCC_OPTIMIZATION_LEVEL = 0;
				GCC_PREPROCESSOR_DEFINITIONS = (
					"DEBUG=1",
					"$(inherited)",
				);
				GCC_WARN_64_TO_32_BIT_CONVERSION = YES;
				GCC_WARN_ABOUT_RETURN_TYPE = YES_ERROR;
				GCC_WARN_UNDECLARED_SELECTOR = YES;
				GCC_WARN_UNINITIALIZED_AUTOS = YES_AGGRESSIVE;
				GCC_WARN_UNUSED_FUNCTION = YES;
				GCC_WARN_UNUSED_VARIABLE = YES;
				IPHONEOS_DEPLOYMENT_TARGET = 14.2;
				MTL_ENABLE_DEBUG_INFO = INCLUDE_SOURCE;
				MTL_FAST_MATH = YES;
				ONLY_ACTIVE_ARCH = YES;
				SDKROOT = iphoneos;
				SWIFT_ACTIVE_COMPILATION_CONDITIONS = DEBUG;
				SWIFT_OPTIMIZATION_LEVEL = "-Onone";
			};
			name = Debug;
		};
		47C6A15C257098E20002C5E8 /* Release */ = {
			isa = XCBuildConfiguration;
			buildSettings = {
				ALWAYS_SEARCH_USER_PATHS = NO;
				CLANG_ANALYZER_NONNULL = YES;
				CLANG_ANALYZER_NUMBER_OBJECT_CONVERSION = YES_AGGRESSIVE;
				CLANG_CXX_LANGUAGE_STANDARD = "gnu++14";
				CLANG_CXX_LIBRARY = "libc++";
				CLANG_ENABLE_MODULES = YES;
				CLANG_ENABLE_OBJC_ARC = YES;
				CLANG_ENABLE_OBJC_WEAK = YES;
				CLANG_WARN_BLOCK_CAPTURE_AUTORELEASING = YES;
				CLANG_WARN_BOOL_CONVERSION = YES;
				CLANG_WARN_COMMA = YES;
				CLANG_WARN_CONSTANT_CONVERSION = YES;
				CLANG_WARN_DEPRECATED_OBJC_IMPLEMENTATIONS = YES;
				CLANG_WARN_DIRECT_OBJC_ISA_USAGE = YES_ERROR;
				CLANG_WARN_DOCUMENTATION_COMMENTS = YES;
				CLANG_WARN_EMPTY_BODY = YES;
				CLANG_WARN_ENUM_CONVERSION = YES;
				CLANG_WARN_INFINITE_RECURSION = YES;
				CLANG_WARN_INT_CONVERSION = YES;
				CLANG_WARN_NON_LITERAL_NULL_CONVERSION = YES;
				CLANG_WARN_OBJC_IMPLICIT_RETAIN_SELF = YES;
				CLANG_WARN_OBJC_LITERAL_CONVERSION = YES;
				CLANG_WARN_OBJC_ROOT_CLASS = YES_ERROR;
				CLANG_WARN_QUOTED_INCLUDE_IN_FRAMEWORK_HEADER = YES;
				CLANG_WARN_RANGE_LOOP_ANALYSIS = YES;
				CLANG_WARN_STRICT_PROTOTYPES = YES;
				CLANG_WARN_SUSPICIOUS_MOVE = YES;
				CLANG_WARN_UNGUARDED_AVAILABILITY = YES_AGGRESSIVE;
				CLANG_WARN_UNREACHABLE_CODE = YES;
				CLANG_WARN__DUPLICATE_METHOD_MATCH = YES;
				COPY_PHASE_STRIP = NO;
				DEBUG_INFORMATION_FORMAT = "dwarf-with-dsym";
				ENABLE_NS_ASSERTIONS = NO;
				ENABLE_STRICT_OBJC_MSGSEND = YES;
				GCC_C_LANGUAGE_STANDARD = gnu11;
				GCC_NO_COMMON_BLOCKS = YES;
				GCC_WARN_64_TO_32_BIT_CONVERSION = YES;
				GCC_WARN_ABOUT_RETURN_TYPE = YES_ERROR;
				GCC_WARN_UNDECLARED_SELECTOR = YES;
				GCC_WARN_UNINITIALIZED_AUTOS = YES_AGGRESSIVE;
				GCC_WARN_UNUSED_FUNCTION = YES;
				GCC_WARN_UNUSED_VARIABLE = YES;
				IPHONEOS_DEPLOYMENT_TARGET = 14.2;
				MTL_ENABLE_DEBUG_INFO = NO;
				MTL_FAST_MATH = YES;
				SDKROOT = iphoneos;
				SWIFT_COMPILATION_MODE = wholemodule;
				SWIFT_OPTIMIZATION_LEVEL = "-O";
				VALIDATE_PRODUCT = YES;
			};
			name = Release;
		};
		47C6A15E257098E20002C5E8 /* Debug */ = {
			isa = XCBuildConfiguration;
			baseConfigurationReference = C21024F276A85671EBE1D51D /* Pods-SimpleApi-Moya.debug.xcconfig */;
			buildSettings = {
				ASSETCATALOG_COMPILER_APPICON_NAME = AppIcon;
				ASSETCATALOG_COMPILER_GLOBAL_ACCENT_COLOR_NAME = AccentColor;
				CODE_SIGN_STYLE = Automatic;
				INFOPLIST_FILE = "SimpleApi-Moya/Info.plist";
				LD_RUNPATH_SEARCH_PATHS = (
					"$(inherited)",
					"@executable_path/Frameworks",
				);
				PRODUCT_BUNDLE_IDENTIFIER = "stageit.SimpleApi-Moya";
				PRODUCT_NAME = "$(TARGET_NAME)";
				SWIFT_VERSION = 5.0;
				TARGETED_DEVICE_FAMILY = "1,2";
			};
			name = Debug;
		};
		47C6A15F257098E20002C5E8 /* Release */ = {
			isa = XCBuildConfiguration;
			baseConfigurationReference = CE3AF7E6DA8445BD2500CBBE /* Pods-SimpleApi-Moya.release.xcconfig */;
			buildSettings = {
				ASSETCATALOG_COMPILER_APPICON_NAME = AppIcon;
				ASSETCATALOG_COMPILER_GLOBAL_ACCENT_COLOR_NAME = AccentColor;
				CODE_SIGN_STYLE = Automatic;
				INFOPLIST_FILE = "SimpleApi-Moya/Info.plist";
				LD_RUNPATH_SEARCH_PATHS = (
					"$(inherited)",
					"@executable_path/Frameworks",
				);
				PRODUCT_BUNDLE_IDENTIFIER = "stageit.SimpleApi-Moya";
				PRODUCT_NAME = "$(TARGET_NAME)";
				SWIFT_VERSION = 5.0;
				TARGETED_DEVICE_FAMILY = "1,2";
			};
			name = Release;
		};
/* End XCBuildConfiguration section */

/* Begin XCConfigurationList section */
		47C6A144257098E00002C5E8 /* Build configuration list for PBXProject "SimpleApi-Moya" */ = {
			isa = XCConfigurationList;
			buildConfigurations = (
				47C6A15B257098E20002C5E8 /* Debug */,
				47C6A15C257098E20002C5E8 /* Release */,
			);
			defaultConfigurationIsVisible = 0;
			defaultConfigurationName = Release;
		};
		47C6A15D257098E20002C5E8 /* Build configuration list for PBXNativeTarget "SimpleApi-Moya" */ = {
			isa = XCConfigurationList;
			buildConfigurations = (
				47C6A15E257098E20002C5E8 /* Debug */,
				47C6A15F257098E20002C5E8 /* Release */,
			);
			defaultConfigurationIsVisible = 0;
			defaultConfigurationName = Release;
		};
/* End XCConfigurationList section */
	};
	rootObject = 47C6A141257098E00002C5E8 /* Project object */;
}
